{
  "name": "nylwebdev",
  "version": "1.0.0",
  "lockfileVersion": 3,
  "requires": true,
  "packages": {
    "": {
      "name": "nylwebdev",
      "version": "1.0.0",
      "license": "UNLICENSED",
      "dependencies": {
        "@matios/ui": "^1.0.3",
        "@siddsr/anix": "^1.0.4",
        "animejs": "^4.5.0",
        "scroll-magic-lite": "^0.2.0",
        "trig-js": "^4.2.1",
        "windflow-css": "^2.2.0"
      }
    },
    "node_modules/@matios/ui": {
      "version": "1.0.3",
      "resolved": "https://registry.npmjs.org/@matios/ui/-/ui-1.0.3.tgz",
      "integrity": "sha512-VH5GHhZraiyIqKMDkhAEMya9Wy7sSJj0H+uI5k1iDhMv2h+nSxNUL0uN3J52YggnSgB9DdcY1SEx1WSvT+0isQ==",
      "license": "MIT",
      "engines": {
        "node": ">=14"
      }
    },
    "node_modules/@siddsr/anix": {
      "version": "1.0.4",
      "resolved": "https://registry.npmjs.org/@siddsr/anix/-/anix-1.0.4.tgz",
      "integrity": "sha512-/B7a7UrhCHzPsZOjwdYCYwzx/sp5hS0MuGoBDgT1yPby6jVO0BblXkBmppOLHR7r8pL+Dnrk4wi44fZYFwwgGg==",
      "license": "MIT",
      "dependencies": {
        "chokidar": "^4.0.3",
        "clean-css": "^5.3.3"
      }
    },
    "node_modules/animejs": {
      "version": "4.5.0",
      "resolved": "https://registry.npmjs.org/animejs/-/animejs-4.5.0.tgz",
      "integrity": "sha512-NQimYX+lz8WaXonGS9zVVoviCIAjONeJayxacUditaivYLqyXgGjFKjuyl0aUUhFKm5MriX9ty1TGovNzoJQWA==",
      "license": "MIT",
      "funding": {
        "type": "github",
        "url": "https://github.com/sponsors/juliangarnier"
      },
      "peerDependencies": {
        "@types/three": ">=0.150.0",
        "three": ">=0.150.0"
      },
      "peerDependenciesMeta": {
        "@types/three": {
          "optional": true
        },
        "three": {
          "optional": true
        }
      }
    },
    "node_modules/chokidar": {
      "version": "4.0.3",
      "resolved": "https://registry.npmjs.org/chokidar/-/chokidar-4.0.3.tgz",
      "integrity": "sha512-Qgzu8kfBvo+cA4962jnP1KkS6Dop5NS6g7R5LFYJr4b8Ub94PPQXUksCw9PvXoeXPRRddRNC5C1JQUR2SMGtnA==",
      "license": "MIT",
      "dependencies": {
        "readdirp": "^4.0.1"
      },
      "engines": {
        "node": ">= 14.16.0"
      },
      "funding": {
        "url": "https://paulmillr.com/funding/"
      }
    },
    "node_modules/clean-css": {
      "version": "5.3.3",
      "resolved": "https://registry.npmjs.org/clean-css/-/clean-css-5.3.3.tgz",
      "integrity": "sha512-D5J+kHaVb/wKSFcyyV75uCn8fiY4sV38XJoe4CUyGQ+mOU/fMVYUdH1hJC+CJQ5uY3EnW27SbJYS4X8BiLrAFg==",
      "license": "MIT",
      "dependencies": {
        "source-map": "~0.6.0"
      },
      "engines": {
        "node": ">= 10.0"
      }
    },
    "node_modules/readdirp": {
      "version": "4.1.2",
      "resolved": "https://registry.npmjs.org/readdirp/-/readdirp-4.1.2.tgz",
      "integrity": "sha512-GDhwkLfywWL2s6vEjyhri+eXmfH6j1L7JE27WhqLeYzoh/A3DBaYGEj2H/HFZCn/kMfim73FXxEJTw06WtxQwg==",
      "license": "MIT",
      "engines": {
        "node": ">= 14.18.0"
      },
      "funding": {
        "type": "individual",
        "url": "https://paulmillr.com/funding/"
      }
    },
    "node_modules/scroll-magic-lite": {
      "version": "0.2.0",
      "resolved": "https://registry.npmjs.org/scroll-magic-lite/-/scroll-magic-lite-0.2.0.tgz",
      "integrity": "sha512-LIktuk0Nut/3X8tCTVMn0mjB15dI6VoXfmxj9m7iJ35vR266KNlZqkVvjXszhDYOUyQj7++jCh9lzyJaLvdFMA==",
      "license": "MIT",
      "peerDependencies": {
        "react": ">=17.0.0",
        "react-dom": ">=17.0.0"
      },
      "peerDependenciesMeta": {
        "react": {
          "optional": true
        },
        "react-dom": {
          "optional": true
        }
      }
    },
    "node_modules/source-map": {
      "version": "0.6.1",
      "resolved": "https://registry.npmjs.org/source-map/-/source-map-0.6.1.tgz",
      "integrity": "sha512-UjgapumWlbMhkBgzT7Ykc5YXUT46F0iKu8SGXq0bcwP5dz/h0Plj6enJqjz1Zbq2l5WaqYnrVbwWOWMyF3F47g==",
      "license": "BSD-3-Clause",
      "engines": {
        "node": ">=0.10.0"
      }
    },
    "node_modules/trig-js": {
      "version": "4.2.1",
      "resolved": "https://registry.npmjs.org/trig-js/-/trig-js-4.2.1.tgz",
      "integrity": "sha512-qHPOqoDjCscCjRTd1B4A/dRcqjs9BzLecHXmzGF/prVTr5z4jjglocPVRESy8USQ6j9Zilj6gaWltPKmGOljCQ==",
      "license": "MIT"
    },
    "node_modules/windflow-css": {
      "version": "2.2.0",
      "resolved": "https://registry.npmjs.org/windflow-css/-/windflow-css-2.2.0.tgz",
      "integrity": "sha512-pHNqHV+IFOWLXpVsTas6c4kTi7Ozx5oHoi5TUQ0YaCg+BGOczZQ5VfMriZn5WNo86mwfO6W+bhHKZIH8Dr4JWQ==",
      "license": "MIT",
      "bin": {
        "windflow": "cli.js"
      }
    }
  }
}
